
Microsoft Visual Studio Solution File, Format Version 12.00
# Visual Studio Version 17
VisualStudioVersion = 17.5.33414.496
MinimumVisualStudioVersion = 10.0.40219.1
Project("{FAE04EC0-301F-11D3-BF4B-00C04F79EFBC}") = "tpmodul9", "tpmodul9\tpmodul9.csproj", "{DB4E5936-5B2F-4EE3-9573-B423053E57FB}"
EndProject
Global
	GlobalSection(SolutionConfigurationPlatforms) = preSolution
		Debug|Any CPU = Debug|Any CPU
		Release|Any CPU = Release|Any CPU
	EndGlobalSection
	GlobalSection(ProjectConfigurationPlatforms) = postSolution
		{DB4E5936-5B2F-4EE3-9573-B423053E57FB}.Debug|Any CPU.ActiveCfg = Debug|Any CPU
		{DB4E5936-5B2F-4EE3-9573-B423053E57FB}.Debug|Any CPU.Build.0 = Debug|Any CPU
		{DB4E5936-5B2F-4EE3-9573-B423053E57FB}.Release|Any CPU.ActiveCfg = Release|Any CPU
		{DB4E5936-5B2F-4EE3-9573-B423053E57FB}.Release|Any CPU.Build.0 = Release|Any CPU
	EndGlobalSection
	GlobalSection(SolutionProperties) = preSolution
		HideSolutionNode = FALSE
	EndGlobalSection
	GlobalSection(ExtensibilityGlobals) = postSolution
		SolutionGuid = {6BE4D6E3-0DCC-4B7F-8632-00215E13C4B4}
	EndGlobalSection
EndGlobal
